
Microsoft Visual Studio Solution File, Format Version 12.00
# Visual Studio Version 17
VisualStudioVersion = 17.5.002.0
MinimumVisualStudioVersion = 10.0.40219.1
Project("{9A19103F-16F7-4668-BE54-9A1E7A4F7556}") = "BookingAppApi", "BookingAppApi.csproj", "{F0D68BCF-226E-40F8-960C-31819AAFC121}"
EndProject
Global
	GlobalSection(SolutionConfigurationPlatforms) = preSolution
		Debug|Any CPU = Debug|Any CPU
		Release|Any CPU = Release|Any CPU
	EndGlobalSection
	GlobalSection(ProjectConfigurationPlatforms) = postSolution
		{F0D68BCF-226E-40F8-960C-31819AAFC121}.Debug|Any CPU.ActiveCfg = Debug|Any CPU
		{F0D68BCF-226E-40F8-960C-31819AAFC121}.Debug|Any CPU.Build.0 = Debug|Any CPU
		{F0D68BCF-226E-40F8-960C-31819AAFC121}.Release|Any CPU.ActiveCfg = Release|Any CPU
		{F0D68BCF-226E-40F8-960C-31819AAFC121}.Release|Any CPU.Build.0 = Release|Any CPU
	EndGlobalSection
	GlobalSection(SolutionProperties) = preSolution
		HideSolutionNode = FALSE
	EndGlobalSection
	GlobalSection(ExtensibilityGlobals) = postSolution
		SolutionGuid = {C5D4160F-7C3D-4A50-8C8E-BA5C87FE5B2E}
	EndGlobalSection
EndGlobal
